
Microsoft Visual Studio Solution File, Format Version 12.00
# Visual Studio Version 17
VisualStudioVersion = 17.14.36616.10 d17.14
MinimumVisualStudioVersion = 10.0.40219.1
Project("{FAE04EC0-301F-11D3-BF4B-00C04F79EFBC}") = "MinimalApiSandbox", "MinimalApiSandbox.csproj", "{567A9D8D-36C9-4DF7-ACF6-CF6B74D98005}"
EndProject
Global
	GlobalSection(SolutionConfigurationPlatforms) = preSolution
		Debug|Any CPU = Debug|Any CPU
		Release|Any CPU = Release|Any CPU
	EndGlobalSection
	GlobalSection(ProjectConfigurationPlatforms) = postSolution
		{567A9D8D-36C9-4DF7-ACF6-CF6B74D98005}.Debug|Any CPU.ActiveCfg = Debug|Any CPU
		{567A9D8D-36C9-4DF7-ACF6-CF6B74D98005}.Debug|Any CPU.Build.0 = Debug|Any CPU
		{567A9D8D-36C9-4DF7-ACF6-CF6B74D98005}.Release|Any CPU.ActiveCfg = Release|Any CPU
		{567A9D8D-36C9-4DF7-ACF6-CF6B74D98005}.Release|Any CPU.Build.0 = Release|Any CPU
	EndGlobalSection
	GlobalSection(SolutionProperties) = preSolution
		HideSolutionNode = FALSE
	EndGlobalSection
	GlobalSection(ExtensibilityGlobals) = postSolution
		SolutionGuid = {274D9CCB-89A8-4A8B-8646-8CABD478B7AA}
	EndGlobalSection
EndGlobal
